
Microsoft Visual Studio Solution File, Format Version 12.00
# Visual Studio 2012
Project("{FAE04EC0-301F-11D3-BF4B-00C04F79EFBC}") = "SampleConsoleApp", "SampleConsoleApp.csproj", "{E87641F8-C2D2-46DD-8AF4-E559CFC120D5}"
EndProject
Global
	GlobalSection(SolutionConfigurationPlatforms) = preSolution
		Debug|Any CPU = Debug|Any CPU
		Release|Any CPU = Release|Any CPU
	EndGlobalSection
	GlobalSection(ProjectConfigurationPlatforms) = postSolution
		{E87641F8-C2D2-46DD-8AF4-E559CFC120D5}.Debug|Any CPU.ActiveCfg = Debug|Any CPU
		{E87641F8-C2D2-46DD-8AF4-E559CFC120D5}.Debug|Any CPU.Build.0 = Debug|Any CPU
		{E87641F8-C2D2-46DD-8AF4-E559CFC120D5}.Release|Any CPU.ActiveCfg = Release|Any CPU
		{E87641F8-C2D2-46DD-8AF4-E559CFC120D5}.Release|Any CPU.Build.0 = Release|Any CPU
	EndGlobalSection
	GlobalSection(SolutionProperties) = preSolution
		HideSolutionNode = FALSE
	EndGlobalSection
EndGlobal
